
Microsoft Visual Studio Solution File, Format Version 12.00
# Visual Studio Version 17
VisualStudioVersion = 17.8.34511.84
MinimumVisualStudioVersion = 10.0.40219.1
Project("{FAE04EC0-301F-11D3-BF4B-00C04F79EFBC}") = "backend", "backend.csproj", "{396F1ECF-2DD2-4776-B040-5133B65B4531}"
EndProject
Global
	GlobalSection(SolutionConfigurationPlatforms) = preSolution
		Debug|Any CPU = Debug|Any CPU
		Release|Any CPU = Release|Any CPU
	EndGlobalSection
	GlobalSection(ProjectConfigurationPlatforms) = postSolution
		{396F1ECF-2DD2-4776-B040-5133B65B4531}.Debug|Any CPU.ActiveCfg = Debug|Any CPU
		{396F1ECF-2DD2-4776-B040-5133B65B4531}.Debug|Any CPU.Build.0 = Debug|Any CPU
		{396F1ECF-2DD2-4776-B040-5133B65B4531}.Release|Any CPU.ActiveCfg = Release|Any CPU
		{396F1ECF-2DD2-4776-B040-5133B65B4531}.Release|Any CPU.Build.0 = Release|Any CPU
	EndGlobalSection
	GlobalSection(SolutionProperties) = preSolution
		HideSolutionNode = FALSE
	EndGlobalSection
	GlobalSection(ExtensibilityGlobals) = postSolution
		SolutionGuid = {EB65B985-0464-4ED7-B257-9EE62B6C738E}
	EndGlobalSection
EndGlobal
